
Microsoft Visual Studio Solution File, Format Version 12.00
Project("{FAE04EC0-301F-11D3-BF4B-00C04F79EFBC}") = "DSA", "DSA\DSA.csproj", "{56188A4F-C3FE-45EB-9F48-36895474D340}"
EndProject
Project("{FAE04EC0-301F-11D3-BF4B-00C04F79EFBC}") = "Implementations", "Implementations\Implementations.csproj", "{B7B6863D-485D-46DF-8B31-757E1526EE47}"
EndProject
Global
	GlobalSection(SolutionConfigurationPlatforms) = preSolution
		Debug|Any CPU = Debug|Any CPU
		Release|Any CPU = Release|Any CPU
	EndGlobalSection
	GlobalSection(ProjectConfigurationPlatforms) = postSolution
		{56188A4F-C3FE-45EB-9F48-36895474D340}.Debug|Any CPU.ActiveCfg = Debug|Any CPU
		{56188A4F-C3FE-45EB-9F48-36895474D340}.Debug|Any CPU.Build.0 = Debug|Any CPU
		{56188A4F-C3FE-45EB-9F48-36895474D340}.Release|Any CPU.ActiveCfg = Release|Any CPU
		{56188A4F-C3FE-45EB-9F48-36895474D340}.Release|Any CPU.Build.0 = Release|Any CPU
		{B7B6863D-485D-46DF-8B31-757E1526EE47}.Debug|Any CPU.ActiveCfg = Debug|Any CPU
		{B7B6863D-485D-46DF-8B31-757E1526EE47}.Debug|Any CPU.Build.0 = Debug|Any CPU
		{B7B6863D-485D-46DF-8B31-757E1526EE47}.Release|Any CPU.ActiveCfg = Release|Any CPU
		{B7B6863D-485D-46DF-8B31-757E1526EE47}.Release|Any CPU.Build.0 = Release|Any CPU
	EndGlobalSection
EndGlobal
